<?xml version="1.0" encoding="utf-8"?>
<Project ToolsVersion="17.0" xmlns="http://schemas.microsoft.com/developer/msbuild/2003">
  <ItemGroup>
    <ClCompile Include="E:\Auto Link Tyut School Net\src\main.cpp">
      <Filter>Source Files</Filter>
    </ClCompile>
    <ClCompile Include="E:\Auto Link Tyut School Net\src\ui\main_window.cpp">
      <Filter>Source Files</Filter>
    </ClCompile>
    <ClCompile Include="E:\Auto Link Tyut School Net\src\captcha\captcha_handler.cpp">
      <Filter>Source Files</Filter>
    </ClCompile>
    <ClCompile Include="E:\Auto Link Tyut School Net\src\captcha\preprocess.cpp">
      <Filter>Source Files</Filter>
    </ClCompile>
  </ItemGroup>
  <ItemGroup>
    <ClInclude Include="E:\Auto Link Tyut School Net\src\ui\main_window.h">
      <Filter>Header Files</Filter>
    </ClInclude>
    <ClInclude Include="E:\Auto Link Tyut School Net\src\captcha\captcha_handler.h">
      <Filter>Header Files</Filter>
    </ClInclude>
    <ClInclude Include="E:\Auto Link Tyut School Net\src\captcha\preprocess.h">
      <Filter>Header Files</Filter>
    </ClInclude>
  </ItemGroup>
  <ItemGroup>
    <CustomBuild Include="E:\Auto Link Tyut School Net\CMakeLists.txt" />
  </ItemGroup>
  <ItemGroup>
    <Filter Include="Header Files">
      <UniqueIdentifier>{D7686CE5-16F6-3815-9FFE-D8E1AE093D08}</UniqueIdentifier>
    </Filter>
    <Filter Include="Source Files">
      <UniqueIdentifier>{80C949FF-5374-39BB-B613-587D1ADB4B54}</UniqueIdentifier>
    </Filter>
  </ItemGroup>
</Project>
